
Microsoft Visual Studio Solution File, Format Version 11.00
# Visual Studio 2010
Project("{FAE04EC0-301F-11D3-BF4B-00C04F79EFBC}") = "Gate-Logic", "Assembly-CSharp-firstpass.csproj", "{477B7FE9-8806-1229-3EE8-7914B2803555}"
EndProject
Project("{FAE04EC0-301F-11D3-BF4B-00C04F79EFBC}") = "Gate-Logic", "Assembly-CSharp.csproj", "{BFDA7D16-1C69-AFE6-DA72-5C35936F95F2}"
EndProject
Project("{FAE04EC0-301F-11D3-BF4B-00C04F79EFBC}") = "Gate-Logic", "Assembly-CSharp-Editor-firstpass.csproj", "{D61C1777-DD91-DA29-AA87-CCCADD8FAEB1}"
EndProject
Project("{FAE04EC0-301F-11D3-BF4B-00C04F79EFBC}") = "Gate-Logic", "Assembly-CSharp-Editor.csproj", "{C60C378D-292A-F272-F10D-9CB1F4324030}"
EndProject
Global
	GlobalSection(SolutionConfigurationPlatforms) = preSolution
		Debug|Any CPU = Debug|Any CPU
		Release|Any CPU = Release|Any CPU
	EndGlobalSection
	GlobalSection(ProjectConfigurationPlatforms) = postSolution
		{477B7FE9-8806-1229-3EE8-7914B2803555}.Debug|Any CPU.ActiveCfg = Debug|Any CPU
		{477B7FE9-8806-1229-3EE8-7914B2803555}.Debug|Any CPU.Build.0 = Debug|Any CPU
		{477B7FE9-8806-1229-3EE8-7914B2803555}.Release|Any CPU.ActiveCfg = Release|Any CPU
		{477B7FE9-8806-1229-3EE8-7914B2803555}.Release|Any CPU.Build.0 = Release|Any CPU
		{BFDA7D16-1C69-AFE6-DA72-5C35936F95F2}.Debug|Any CPU.ActiveCfg = Debug|Any CPU
		{BFDA7D16-1C69-AFE6-DA72-5C35936F95F2}.Debug|Any CPU.Build.0 = Debug|Any CPU
		{BFDA7D16-1C69-AFE6-DA72-5C35936F95F2}.Release|Any CPU.ActiveCfg = Release|Any CPU
		{BFDA7D16-1C69-AFE6-DA72-5C35936F95F2}.Release|Any CPU.Build.0 = Release|Any CPU
		{D61C1777-DD91-DA29-AA87-CCCADD8FAEB1}.Debug|Any CPU.ActiveCfg = Debug|Any CPU
		{D61C1777-DD91-DA29-AA87-CCCADD8FAEB1}.Debug|Any CPU.Build.0 = Debug|Any CPU
		{D61C1777-DD91-DA29-AA87-CCCADD8FAEB1}.Release|Any CPU.ActiveCfg = Release|Any CPU
		{D61C1777-DD91-DA29-AA87-CCCADD8FAEB1}.Release|Any CPU.Build.0 = Release|Any CPU
		{C60C378D-292A-F272-F10D-9CB1F4324030}.Debug|Any CPU.ActiveCfg = Debug|Any CPU
		{C60C378D-292A-F272-F10D-9CB1F4324030}.Debug|Any CPU.Build.0 = Debug|Any CPU
		{C60C378D-292A-F272-F10D-9CB1F4324030}.Release|Any CPU.ActiveCfg = Release|Any CPU
		{C60C378D-292A-F272-F10D-9CB1F4324030}.Release|Any CPU.Build.0 = Release|Any CPU
	EndGlobalSection
	GlobalSection(SolutionProperties) = preSolution
		HideSolutionNode = FALSE
	EndGlobalSection
	GlobalSection(MonoDevelopProperties) = preSolution
		StartupItem = Assembly-CSharp.csproj
	EndGlobalSection
EndGlobal
